
Microsoft Visual Studio Solution File, Format Version 12.00
# Visual Studio Version 17
VisualStudioVersion = 17.8.34525.116
MinimumVisualStudioVersion = 10.0.40219.1
Project("{FAE04EC0-301F-11D3-BF4B-00C04F79EFBC}") = "FileHandler", "FileHandler\FileHandler.csproj", "{2EEBEE3C-9DF1-475F-996D-16B5CDDE47AD}"
EndProject
Global
	GlobalSection(SolutionConfigurationPlatforms) = preSolution
		Debug|Any CPU = Debug|Any CPU
		Release|Any CPU = Release|Any CPU
	EndGlobalSection
	GlobalSection(ProjectConfigurationPlatforms) = postSolution
		{2EEBEE3C-9DF1-475F-996D-16B5CDDE47AD}.Debug|Any CPU.ActiveCfg = Debug|Any CPU
		{2EEBEE3C-9DF1-475F-996D-16B5CDDE47AD}.Debug|Any CPU.Build.0 = Debug|Any CPU
		{2EEBEE3C-9DF1-475F-996D-16B5CDDE47AD}.Release|Any CPU.ActiveCfg = Release|Any CPU
		{2EEBEE3C-9DF1-475F-996D-16B5CDDE47AD}.Release|Any CPU.Build.0 = Release|Any CPU
	EndGlobalSection
	GlobalSection(SolutionProperties) = preSolution
		HideSolutionNode = FALSE
	EndGlobalSection
	GlobalSection(ExtensibilityGlobals) = postSolution
		SolutionGuid = {40FE54FA-9704-457B-8077-09B9966D37C0}
	EndGlobalSection
EndGlobal
